// !$*UTF8*$!
{
	archiveVersion = 1;
	classes = {
	};
	objectVersion = 46;
	objects = {

/* Begin PBXBuildFile section */
		C4EA13FB1F79E37B00CDCF10 /* AppDelegate.swift in Sources */ = {isa = PBXBuildFile; fileRef = C4EA13FA1F79E37B00CDCF10 /* AppDelegate.swift */; };
		C4EA14001F79E37B00CDCF10 /* Main.storyboard in Resources */ = {isa = PBXBuildFile; fileRef = C4EA13FE1F79E37B00CDCF10 /* Main.storyboard */; };
		C4EA14021F79E37B00CDCF10 /* Assets.xcassets in Resources */ = {isa = PBXBuildFile; fileRef = C4EA14011F79E37B00CDCF10 /* Assets.xcassets */; };
		C4EA14051F79E37B00CDCF10 /* LaunchScreen.storyboard in Resources */ = {isa = PBXBuildFile; fileRef = C4EA14031F79E37B00CDCF10 /* LaunchScreen.storyboard */; };
		C4EA140D1F79E3D300CDCF10 /* TableViewController.swift in Sources */ = {isa = PBXBuildFile; fileRef = C4EA140C1F79E3D300CDCF10 /* TableViewController.swift */; };
/* End PBXBuildFile section */

/* Begin PBXFileReference section */
		C4EA13F71F79E37B00CDCF10 /* Enum.app */ = {isa = PBXFileReference; explicitFileType = wrapper.application; includeInIndex = 0; path = Enum.app; sourceTree = BUILT_PRODUCTS_DIR; };
		C4EA13FA1F79E37B00CDCF10 /* AppDelegate.swift */ = {isa = PBXFileReference; lastKnownFileType = sourcecode.swift; path = AppDelegate.swift; sourceTree = "<group>"; };
		C4EA13FF1F79E37B00CDCF10 /* Base */ = {isa = PBXFileReference; lastKnownFileType = file.storyboard; name = Base; path = Base.lproj/Main.storyboard; sourceTree = "<group>"; };
		C4EA14011F79E37B00CDCF10 /* Assets.xcassets */ = {isa = PBXFileReference; lastKnownFileType = folder.assetcatalog; path = Assets.xcassets; sourceTree = "<group>"; };
		C4EA14041F79E37B00CDCF10 /* Base */ = {isa = PBXFileReference; lastKnownFileType = file.storyboard; name = Base; path = Base.lproj/LaunchScreen.storyboard; sourceTree = "<group>"; };
		C4EA14061F79E37B00CDCF10 /* Info.plist */ = {isa = PBXFileReference; lastKnownFileType = text.plist.xml; path = Info.plist; sourceTree = "<group>"; };
		C4EA140C1F79E3D300CDCF10 /* TableViewController.swift */ = {isa = PBXFileReference; fileEncoding = 4; lastKnownFileType = sourcecode.swift; name = TableViewController.swift; path = ../TableViewController.swift; sourceTree = "<group>"; };
/* End PBXFileReference section */

/* Begin PBXFrameworksBuildPhase section */
		C4EA13F41F79E37B00CDCF10 /* Frameworks */ = {
			isa = PBXFrameworksBuildPhase;
			buildActionMask = 2147483647;
			files = (
			);
			runOnlyForDeploymentPostprocessing = 0;
		};
/* End PBXFrameworksBuildPhase section */

/* Begin PBXGroup section */
		C4EA13EE1F79E37B00CDCF10 = {
			isa = PBXGroup;
			children = (
				C4EA13F91F79E37B00CDCF10 /* Enum */,
				C4EA13F81F79E37B00CDCF10 /* Products */,
			);
			sourceTree = "<group>";
		};
		C4EA13F81F79E37B00CDCF10 /* Products */ = {
			isa = PBXGroup;
			children = (
				C4EA13F71F79E37B00CDCF10 /* Enum.app */,
			);
			name = Products;
			sourceTree = "<group>";
		};
		C4EA13F91F79E37B00CDCF10 /* Enum */ = {
			isa = PBXGroup;
			children = (
				C4EA140C1F79E3D300CDCF10 /* TableViewController.swift */,
				C4EA13FA1F79E37B00CDCF10 /* AppDelegate.swift */,
				C4EA13FE1F79E37B00CDCF10 /* Main.storyboard */,
				C4EA14011F79E37B00CDCF10 /* Assets.xcassets */,
				C4EA14031F79E37B00CDCF10 /* LaunchScreen.storyboard */,
				C4EA14061F79E37B00CDCF10 /* Info.plist */,
			);
			path = Enum;
			sourceTree = "<group>";
		};
/* End PBXGroup section */

/* Begin PBXNativeTarget section */
		C4EA13F61F79E37B00CDCF10 /* Enum */ = {
			isa = PBXNativeTarget;
			buildConfigurationList = C4EA14091F79E37B00CDCF10 /* Build configuration list for PBXNativeTarget "Enum" */;
			buildPhases = (
				C4EA13F31F79E37B00CDCF10 /* Sources */,
				C4EA13F41F79E37B00CDCF10 /* Frameworks */,
				C4EA13F51F79E37B00CDCF10 /* Resources */,
			);
			buildRules = (
			);
			dependencies = (
			);
			name = Enum;
			productName = Enum;
			productReference = C4EA13F71F79E37B00CDCF10 /* Enum.app */;
			productType = "com.apple.product-type.application";
		};
/* End PBXNativeTarget section */

/* Begin PBXProject section */
		C4EA13EF1F79E37B00CDCF10 /* Project object */ = {
			isa = PBXProject;
			attributes = {
				LastSwiftUpdateCheck = 0830;
				LastUpgradeCheck = 0830;
				ORGANIZATIONNAME = "Khuat Van Dung";
				TargetAttributes = {
					C4EA13F61F79E37B00CDCF10 = {
						CreatedOnToolsVersion = 8.3.3;
						ProvisioningStyle = Automatic;
					};
				};
			};
			buildConfigurationList = C4EA13F21F79E37B00CDCF10 /* Build configuration list for PBXProject "Enum" */;
			compatibilityVersion = "Xcode 3.2";
			developmentRegion = English;
			hasScannedForEncodings = 0;
			knownRegions = (
				en,
				Base,
			);
			mainGroup = C4EA13EE1F79E37B00CDCF10;
			productRefGroup = C4EA13F81F79E37B00CDCF10 /* Products */;
			projectDirPath = "";
			projectRoot = "";
			targets = (
				C4EA13F61F79E37B00CDCF10 /* Enum */,
			);
		};
/* End PBXProject section */

/* Begin PBXResourcesBuildPhase section */
		C4EA13F51F79E37B00CDCF10 /* Resources */ = {
			isa = PBXResourcesBuildPhase;
			buildActionMask = 2147483647;
			files = (
				C4EA14051F79E37B00CDCF10 /* LaunchScreen.storyboard in Resources */,
				C4EA14021F79E37B00CDCF10 /* Assets.xcassets in Resources */,
				C4EA14001F79E37B00CDCF10 /* Main.storyboard in Resources */,
			);
			runOnlyForDeploymentPostprocessing = 0;
		};
/* End PBXResourcesBuildPhase section */

/* Begin PBXSourcesBuildPhase section */
		C4EA13F31F79E37B00CDCF10 /* Sources */ = {
			isa = PBXSourcesBuildPhase;
			buildActionMask = 2147483647;
			files = (
				C4EA13FB1F79E37B00CDCF10 /* AppDelegate.swift in Sources */,
				C4EA140D1F79E3D300CDCF10 /* TableViewController.swift in Sources */,
			);
			runOnlyForDeploymentPostprocessing = 0;
		};
/* End PBXSourcesBuildPhase section */

/* Begin PBXVariantGroup section */
		C4EA13FE1F79E37B00CDCF10 /* Main.storyboard */ = {
			isa = PBXVariantGroup;
			children = (
				C4EA13FF1F79E37B00CDCF10 /* Base */,
			);
			name = Main.storyboard;
			sourceTree = "<group>";
		};
		C4EA14031F79E37B00CDCF10 /* LaunchScreen.storyboard */ = {
			isa = PBXVariantGroup;
			children = (
				C4EA14041F79E37B00CDCF10 /* Base */,
			);
			name = LaunchScreen.storyboard;
			sourceTree = "<group>";
		};
/* End PBXVariantGroup section */

/* Begin XCBuildConfiguration section */
		C4EA14071F79E37B00CDCF10 /* Debug */ = {
			isa = XCBuildConfiguration;
			buildSettings = {
				ALWAYS_SEARCH_USER_PATHS = NO;
				CLANG_ANALYZER_NONNULL = YES;
				CLANG_ANALYZER_NUMBER_OBJECT_CONVERSION = YES_AGGRESSIVE;
				CLANG_CXX_LANGUAGE_STANDARD = "gnu++0x";
				CLANG_CXX_LIBRARY = "libc++";
				CLANG_ENABLE_MODULES = YES;
				CLANG_ENABLE_OBJC_ARC = YES;
				CLANG_WARN_BOOL_CONVERSION = YES;
				CLANG_WARN_CONSTANT_CONVERSION = YES;
				CLANG_WARN_DIRECT_OBJC_ISA_USAGE = YES_ERROR;
				CLANG_WARN_DOCUMENTATION_COMMENTS = YES;
				CLANG_WARN_EMPTY_BODY = YES;
				CLANG_WARN_ENUM_CONVERSION = YES;
				CLANG_WARN_INFINITE_RECURSION = YES;
				CLANG_WARN_INT_CONVERSION = YES;
				CLANG_WARN_OBJC_ROOT_CLASS = YES_ERROR;
				CLANG_WARN_SUSPICIOUS_MOVE = YES;
				CLANG_WARN_UNREACHABLE_CODE = YES;
				CLANG_WARN__DUPLICATE_METHOD_MATCH = YES;
				"CODE_SIGN_IDENTITY[sdk=iphoneos*]" = "iPhone Developer";
				COPY_PHASE_STRIP = NO;
				DEBUG_INFORMATION_FORMAT = dwarf;
				ENABLE_STRICT_OBJC_MSGSEND = YES;
				ENABLE_TESTABILITY = YES;
				GCC_C_LANGUAGE_STANDARD = gnu99;
				GCC_DYNAMIC_NO_PIC = NO;
				GCC_NO_COMMON_BLOCKS = YES;
				GCC_OPTIMIZATION_LEVEL = 0;
				GCC_PREPROCESSOR_DEFINITIONS = (
					"DEBUG=1",
					"$(inherited)",
				);
				GCC_WARN_64_TO_32_BIT_CONVERSION = YES;
				GCC_WARN_ABOUT_RETURN_TYPE = YES_ERROR;
				GCC_WARN_UNDECLARED_SELECTOR = YES;
				GCC_WARN_UNINITIALIZED_AUTOS = YES_AGGRESSIVE;
				GCC_WARN_UNUSED_FUNCTION = YES;
				GCC_WARN_UNUSED_VARIABLE = YES;
				IPHONEOS_DEPLOYMENT_TARGET = 10.3;
				MTL_ENABLE_DEBUG_INFO = YES;
				ONLY_ACTIVE_ARCH = YES;
				SDKROOT = iphoneos;
				SWIFT_ACTIVE_COMPILATION_CONDITIONS = DEBUG;
				SWIFT_OPTIMIZATION_LEVEL = "-Onone";
			};
			name = Debug;
		};
		C4EA14081F79E37B00CDCF10 /* Release */ = {
			isa = XCBuildConfiguration;
			buildSettings = {
				ALWAYS_SEARCH_USER_PATHS = NO;
				CLANG_ANALYZER_NONNULL = YES;
				CLANG_ANALYZER_NUMBER_OBJECT_CONVERSION = YES_AGGRESSIVE;
				CLANG_CXX_LANGUAGE_STANDARD = "gnu++0x";
				CLANG_CXX_LIBRARY = "libc++";
				CLANG_ENABLE_MODULES = YES;
				CLANG_ENABLE_OBJC_ARC = YES;
				CLANG_WARN_BOOL_CONVERSION = YES;
				CLANG_WARN_CONSTANT_CONVERSION = YES;
				CLANG_WARN_DIRECT_OBJC_ISA_USAGE = YES_ERROR;
				CLANG_WARN_DOCUMENTATION_COMMENTS = YES;
				CLANG_WARN_EMPTY_BODY = YES;
				CLANG_WARN_ENUM_CONVERSION = YES;
				CLANG_WARN_INFINITE_RECURSION = YES;
				CLANG_WARN_INT_CONVERSION = YES;
				CLANG_WARN_OBJC_ROOT_CLASS = YES_ERROR;
				CLANG_WARN_SUSPICIOUS_MOVE = YES;
				CLANG_WARN_UNREACHABLE_CODE = YES;
				CLANG_WARN__DUPLICATE_METHOD_MATCH = YES;
				"CODE_SIGN_IDENTITY[sdk=iphoneos*]" = "iPhone Developer";
				COPY_PHASE_STRIP = NO;
				DEBUG_INFORMATION_FORMAT = "dwarf-with-dsym";
				ENABLE_NS_ASSERTIONS = NO;
				ENABLE_STRICT_OBJC_MSGSEND = YES;
				GCC_C_LANGUAGE_STANDARD = gnu99;
				GCC_NO_COMMON_BLOCKS = YES;
				GCC_WARN_64_TO_32_BIT_CONVERSION = YES;
				GCC_WARN_ABOUT_RETURN_TYPE = YES_ERROR;
				GCC_WARN_UNDECLARED_SELECTOR = YES;
				GCC_WARN_UNINITIALIZED_AUTOS = YES_AGGRESSIVE;
				GCC_WARN_UNUSED_FUNCTION = YES;
				GCC_WARN_UNUSED_VARIABLE = YES;
				IPHONEOS_DEPLOYMENT_TARGET = 10.3;
				MTL_ENABLE_DEBUG_INFO = NO;
				SDKROOT = iphoneos;
				SWIFT_OPTIMIZATION_LEVEL = "-Owholemodule";
				VALIDATE_PRODUCT = YES;
			};
			name = Release;
		};
		C4EA140A1F79E37B00CDCF10 /* Debug */ = {
			isa = XCBuildConfiguration;
			buildSettings = {
				ASSETCATALOG_COMPILER_APPICON_NAME = AppIcon;
				INFOPLIST_FILE = Enum/Info.plist;
				LD_RUNPATH_SEARCH_PATHS = "$(inherited) @executable_path/Frameworks";
				PRODUCT_BUNDLE_IDENTIFIER = com.dungkv.Enum;
				PRODUCT_NAME = "$(TARGET_NAME)";
				SWIFT_VERSION = 3.0;
			};
			name = Debug;
		};
		C4EA140B1F79E37B00CDCF10 /* Release */ = {
			isa = XCBuildConfiguration;
			buildSettings = {
				ASSETCATALOG_COMPILER_APPICON_NAME = AppIcon;
				INFOPLIST_FILE = Enum/Info.plist;
				LD_RUNPATH_SEARCH_PATHS = "$(inherited) @executable_path/Frameworks";
				PRODUCT_BUNDLE_IDENTIFIER = com.dungkv.Enum;
				PRODUCT_NAME = "$(TARGET_NAME)";
				SWIFT_VERSION = 3.0;
			};
			name = Release;
		};
/* End XCBuildConfiguration section */

/* Begin XCConfigurationList section */
		C4EA13F21F79E37B00CDCF10 /* Build configuration list for PBXProject "Enum" */ = {
			isa = XCConfigurationList;
			buildConfigurations = (
				C4EA14071F79E37B00CDCF10 /* Debug */,
				C4EA14081F79E37B00CDCF10 /* Release */,
			);
			defaultConfigurationIsVisible = 0;
			defaultConfigurationName = Release;
		};
		C4EA14091F79E37B00CDCF10 /* Build configuration list for PBXNativeTarget "Enum" */ = {
			isa = XCConfigurationList;
			buildConfigurations = (
				C4EA140A1F79E37B00CDCF10 /* Debug */,
				C4EA140B1F79E37B00CDCF10 /* Release */,
			);
			defaultConfigurationIsVisible = 0;
		};
/* End XCConfigurationList section */
	};
	rootObject = C4EA13EF1F79E37B00CDCF10 /* Project object */;
}
